
Microsoft Visual Studio Solution File, Format Version 12.00
# Visual Studio 15
VisualStudioVersion = 15.0.27004.2009
MinimumVisualStudioVersion = 10.0.40219.1
Project("{FAE04EC0-301F-11D3-BF4B-00C04F79EFBC}") = "Exercise2_Section_8_Lecture_67", "Exercise2_Section_8_Lecture_67\Exercise2_Section_8_Lecture_67.csproj", "{4C0F3143-F4B1-4958-9F57-8EA2046662F4}"
EndProject
Global
	GlobalSection(SolutionConfigurationPlatforms) = preSolution
		Debug|Any CPU = Debug|Any CPU
		Release|Any CPU = Release|Any CPU
	EndGlobalSection
	GlobalSection(ProjectConfigurationPlatforms) = postSolution
		{4C0F3143-F4B1-4958-9F57-8EA2046662F4}.Debug|Any CPU.ActiveCfg = Debug|Any CPU
		{4C0F3143-F4B1-4958-9F57-8EA2046662F4}.Debug|Any CPU.Build.0 = Debug|Any CPU
		{4C0F3143-F4B1-4958-9F57-8EA2046662F4}.Release|Any CPU.ActiveCfg = Release|Any CPU
		{4C0F3143-F4B1-4958-9F57-8EA2046662F4}.Release|Any CPU.Build.0 = Release|Any CPU
	EndGlobalSection
	GlobalSection(SolutionProperties) = preSolution
		HideSolutionNode = FALSE
	EndGlobalSection
	GlobalSection(ExtensibilityGlobals) = postSolution
		SolutionGuid = {5A2EDE7E-626B-45DF-9460-4C17E6EC8FCC}
	EndGlobalSection
EndGlobal
