
Microsoft Visual Studio Solution File, Format Version 12.00
# Visual Studio 15
VisualStudioVersion = 15.0.27004.2009
MinimumVisualStudioVersion = 10.0.40219.1
Project("{FAE04EC0-301F-11D3-BF4B-00C04F79EFBC}") = "Section 6 Arrays and Lists", "Section 6 Arrays and Lists\Section 6 Arrays and Lists.csproj", "{22F67C05-398D-4A64-B739-C4449C580F66}"
EndProject
Global
	GlobalSection(SolutionConfigurationPlatforms) = preSolution
		Debug|Any CPU = Debug|Any CPU
		Release|Any CPU = Release|Any CPU
	EndGlobalSection
	GlobalSection(ProjectConfigurationPlatforms) = postSolution
		{22F67C05-398D-4A64-B739-C4449C580F66}.Debug|Any CPU.ActiveCfg = Debug|Any CPU
		{22F67C05-398D-4A64-B739-C4449C580F66}.Debug|Any CPU.Build.0 = Debug|Any CPU
		{22F67C05-398D-4A64-B739-C4449C580F66}.Release|Any CPU.ActiveCfg = Release|Any CPU
		{22F67C05-398D-4A64-B739-C4449C580F66}.Release|Any CPU.Build.0 = Release|Any CPU
	EndGlobalSection
	GlobalSection(SolutionProperties) = preSolution
		HideSolutionNode = FALSE
	EndGlobalSection
	GlobalSection(ExtensibilityGlobals) = postSolution
		SolutionGuid = {20A86103-CDBF-4E50-A457-0F92D4C9D111}
	EndGlobalSection
EndGlobal
