
Microsoft Visual Studio Solution File, Format Version 12.00
# Visual Studio 15
VisualStudioVersion = 15.0.27004.2009
MinimumVisualStudioVersion = 10.0.40219.1
Project("{FAE04EC0-301F-11D3-BF4B-00C04F79EFBC}") = "Section 9 Working with Files", "Section 9 Working with Files\Section 9 Working with Files.csproj", "{57BB21B4-F0C0-4D5E-B819-AACB7B30146F}"
EndProject
Global
	GlobalSection(SolutionConfigurationPlatforms) = preSolution
		Debug|Any CPU = Debug|Any CPU
		Release|Any CPU = Release|Any CPU
	EndGlobalSection
	GlobalSection(ProjectConfigurationPlatforms) = postSolution
		{57BB21B4-F0C0-4D5E-B819-AACB7B30146F}.Debug|Any CPU.ActiveCfg = Debug|Any CPU
		{57BB21B4-F0C0-4D5E-B819-AACB7B30146F}.Debug|Any CPU.Build.0 = Debug|Any CPU
		{57BB21B4-F0C0-4D5E-B819-AACB7B30146F}.Release|Any CPU.ActiveCfg = Release|Any CPU
		{57BB21B4-F0C0-4D5E-B819-AACB7B30146F}.Release|Any CPU.Build.0 = Release|Any CPU
	EndGlobalSection
	GlobalSection(SolutionProperties) = preSolution
		HideSolutionNode = FALSE
	EndGlobalSection
	GlobalSection(ExtensibilityGlobals) = postSolution
		SolutionGuid = {27419463-25A9-4C7E-AD3C-9968DFBC9825}
	EndGlobalSection
EndGlobal
